
Microsoft Visual Studio Solution File, Format Version 12.00
# Visual Studio Version 16
VisualStudioVersion = 16.0.29318.209
MinimumVisualStudioVersion = 10.0.40219.1
Project("{2150E333-8FDC-42A3-9474-1A3956D46DE8}") = "Solution Items", "Solution Items", "{5E7483ED-4FBB-4CAB-98CB-202CB4C63BDF}"
	ProjectSection(SolutionItems) = preProject
		..\CONTRIBUTING.MD = ..\CONTRIBUTING.MD
		..\LICENSE = ..\LICENSE
		..\README.md = ..\README.md
		..\THIRDPARTYNOTICES.md = ..\THIRDPARTYNOTICES.md
	EndProjectSection
EndProject
Project("{9A19103F-16F7-4668-BE54-9A1E7A4F7556}") = "devdays-2019-subscription-cs", "..\devdays-2019-subscription-cs\devdays-2019-subscription-cs.csproj", "{4769B649-FF5E-42F6-9CA1-60CFE5BBC042}"
EndProject
Global
	GlobalSection(SolutionConfigurationPlatforms) = preSolution
		Debug|Any CPU = Debug|Any CPU
		Release|Any CPU = Release|Any CPU
	EndGlobalSection
	GlobalSection(ProjectConfigurationPlatforms) = postSolution
		{4769B649-FF5E-42F6-9CA1-60CFE5BBC042}.Debug|Any CPU.ActiveCfg = Debug|Any CPU
		{4769B649-FF5E-42F6-9CA1-60CFE5BBC042}.Debug|Any CPU.Build.0 = Debug|Any CPU
		{4769B649-FF5E-42F6-9CA1-60CFE5BBC042}.Release|Any CPU.ActiveCfg = Release|Any CPU
		{4769B649-FF5E-42F6-9CA1-60CFE5BBC042}.Release|Any CPU.Build.0 = Release|Any CPU
	EndGlobalSection
	GlobalSection(SolutionProperties) = preSolution
		HideSolutionNode = FALSE
	EndGlobalSection
	GlobalSection(ExtensibilityGlobals) = postSolution
		SolutionGuid = {7E2D2657-E64C-43E8-B839-BE7E1A6E9E7C}
	EndGlobalSection
EndGlobal
