
Microsoft Visual Studio Solution File, Format Version 12.00
# Visual Studio 15
VisualStudioVersion = 15.0.28307.779
MinimumVisualStudioVersion = 10.0.40219.1
Project("{FAE04EC0-301F-11D3-BF4B-00C04F79EFBC}") = "devdays-2019-subscription-cs", "..\devdays-2019-subscription-cs\devdays-2019-subscription-cs\devdays-2019-subscription-cs.csproj", "{24757561-7E69-43D3-A78C-CDC9311DBC11}"
EndProject
Project("{2150E333-8FDC-42A3-9474-1A3956D46DE8}") = "Solution Items", "Solution Items", "{5E7483ED-4FBB-4CAB-98CB-202CB4C63BDF}"
	ProjectSection(SolutionItems) = preProject
		..\CONTRIBUTING.MD = ..\CONTRIBUTING.MD
		..\LICENSE = ..\LICENSE
		..\README.md = ..\README.md
		..\THIRDPARTYNOTICES.md = ..\THIRDPARTYNOTICES.md
	EndProjectSection
EndProject
Global
	GlobalSection(SolutionConfigurationPlatforms) = preSolution
		Debug|Any CPU = Debug|Any CPU
		Release|Any CPU = Release|Any CPU
	EndGlobalSection
	GlobalSection(ProjectConfigurationPlatforms) = postSolution
		{24757561-7E69-43D3-A78C-CDC9311DBC11}.Debug|Any CPU.ActiveCfg = Debug|Any CPU
		{24757561-7E69-43D3-A78C-CDC9311DBC11}.Debug|Any CPU.Build.0 = Debug|Any CPU
		{24757561-7E69-43D3-A78C-CDC9311DBC11}.Release|Any CPU.ActiveCfg = Release|Any CPU
		{24757561-7E69-43D3-A78C-CDC9311DBC11}.Release|Any CPU.Build.0 = Release|Any CPU
	EndGlobalSection
	GlobalSection(SolutionProperties) = preSolution
		HideSolutionNode = FALSE
	EndGlobalSection
	GlobalSection(ExtensibilityGlobals) = postSolution
		SolutionGuid = {7E2D2657-E64C-43E8-B839-BE7E1A6E9E7C}
	EndGlobalSection
EndGlobal
